# THIS IS AN AUTOGENERATED FILE. DO NOT EDIT THIS FILE DIRECTLY.
# yarn lockfile v1


"@prisma/client@5.8.1":
  version "5.8.1"
  resolved "https://registry.yarnpkg.com/@prisma/client/-/client-5.8.1.tgz#7815ec51c0ca2a6de219c02e7846701ae3baf240"
  integrity sha512-xQtMPfbIwLlbm0VVIVQY2yqQVOxPwRQhvIp7Z3m2900g1bu/zRHKhYZJQWELqmjl6d8YwBy0K2NvMqh47v1ubw==

"@prisma/debug@5.8.1":
  version "5.8.1"
  resolved "https://registry.yarnpkg.com/@prisma/debug/-/debug-5.8.1.tgz#704daa36919b0fc4d227260ecebfa1c94b155b07"
  integrity sha512-tjuw7eA0Us3T42jx9AmAgL58rzwzpFGYc3R7Y4Ip75EBYrKMBA1YihuWMcBC92ILmjlQ/u3p8VxcIE0hr+fZfg==

"@prisma/engines-version@5.8.1-1.78caf6feeaed953168c64e15a249c3e9a033ebe2":
  version "5.8.1-1.78caf6feeaed953168c64e15a249c3e9a033ebe2"
  resolved "https://registry.yarnpkg.com/@prisma/engines-version/-/engines-version-5.8.1-1.78caf6feeaed953168c64e15a249c3e9a033ebe2.tgz#f600a45afc4cf0c0356b6ed90add6050fa3f3239"
  integrity sha512-f5C3JM3l9yhGr3cr4FMqWloFaSCpNpMi58Om22rjD2DOz3owci2mFdFXMgnAGazFPKrCbbEhcxdsRfspEYRoFQ==

"@prisma/engines@5.8.1":
  version "5.8.1"
  resolved "https://registry.yarnpkg.com/@prisma/engines/-/engines-5.8.1.tgz#b850751f5bf7d5e570b9fe16cefdc2b1fd2c02c3"
  integrity sha512-TJgYLRrZr56uhqcXO4GmP5be+zjCIHtLDK20Cnfg+o9d905hsN065QOL+3Z0zQAy6YD31Ol4u2kzSfRmbJv/uA==
  dependencies:
    "@prisma/debug" "5.8.1"
    "@prisma/engines-version" "5.8.1-1.78caf6feeaed953168c64e15a249c3e9a033ebe2"
    "@prisma/fetch-engine" "5.8.1"
    "@prisma/get-platform" "5.8.1"

"@prisma/fetch-engine@5.8.1":
  version "5.8.1"
  resolved "https://registry.yarnpkg.com/@prisma/fetch-engine/-/fetch-engine-5.8.1.tgz#38bb92f1fbd3669340a3cc49fce403ab4df671dd"
  integrity sha512-+bgjjoSFa6uYEbAPlklfoVSStOEfcpheOjoBoNsNNSQdSzcwE2nM4Q0prun0+P8/0sCHo18JZ9xqa8gObvgOUw==
  dependencies:
    "@prisma/debug" "5.8.1"
    "@prisma/engines-version" "5.8.1-1.78caf6feeaed953168c64e15a249c3e9a033ebe2"
    "@prisma/get-platform" "5.8.1"

"@prisma/get-platform@5.8.1":
  version "5.8.1"
  resolved "https://registry.yarnpkg.com/@prisma/get-platform/-/get-platform-5.8.1.tgz#8cd450b65a52a5a6ed5b2f52457136a492c0f251"
  integrity sha512-wnA+6HTFcY+tkykMokix9GiAkaauPC5W/gg0O5JB0J8tCTNWrqpnQ7AsaGRfkYUbeOIioh6woDjQrGTTRf1Zag==
  dependencies:
    "@prisma/debug" "5.8.1"

prisma@^5.8.1:
  version "5.8.1"
  resolved "https://registry.yarnpkg.com/prisma/-/prisma-5.8.1.tgz#1f101793a8831c0719dfbed5f85a96ea4888c9d3"
  integrity sha512-N6CpjzECnUHZ5beeYpDzkt2rYpEdAeqXX2dweu6BoQaeYkNZrC/WJHM+5MO/uidFHTak8QhkPKBWck1o/4MD4A==
  dependencies:
    "@prisma/engines" "5.8.1"
